// !$*UTF8*$!
{
	archiveVersion = 1;
	classes = {
	};
	objectVersion = 45;
	objects = {

/* Begin PBXBuildFile section */
		C877FE60272CCE5E000CB49D /* iOS Forensics.swift in Sources */ = {isa = PBXBuildFile; fileRef = C877FE5F272CCE5E000CB49D /* iOS Forensics.swift */; };
		C8BEF5F92726B17600F894A3 /* main.swift in Sources */ = {isa = PBXBuildFile; fileRef = C8BEF5F82726B17600F894A3 /* main.swift */; };
/* End PBXBuildFile section */

/* Begin PBXContainerItemProxy section */
		C89AE63C2726CF3300A930E3 /* PBXContainerItemProxy */ = {
			isa = PBXContainerItemProxy;
			containerPortal = C89AE6372726CF3200A930E3 /* Sotenbori.xcodeproj */;
			proxyType = 2;
			remoteGlobalIDString = C89AE61D2726CF3100A930E3;
			remoteInfo = Sotenbori;
		};
		C89AE63E2726CF3300A930E3 /* PBXContainerItemProxy */ = {
			isa = PBXContainerItemProxy;
			containerPortal = C89AE6372726CF3200A930E3 /* Sotenbori.xcodeproj */;
			proxyType = 2;
			remoteGlobalIDString = C89AE6262726CF3200A930E3;
			remoteInfo = SotenboriTests;
		};
/* End PBXContainerItemProxy section */

/* Begin PBXCopyFilesBuildPhase section */
		C8BEF5F32726B17600F894A3 /* CopyFiles */ = {
			isa = PBXCopyFilesBuildPhase;
			buildActionMask = 2147483647;
			dstPath = /usr/share/man/man1/;
			dstSubfolderSpec = 0;
			files = (
			);
			runOnlyForDeploymentPostprocessing = 1;
		};
/* End PBXCopyFilesBuildPhase section */

/* Begin PBXFileReference section */
		C877FE5F272CCE5E000CB49D /* iOS Forensics.swift */ = {isa = PBXFileReference; lastKnownFileType = sourcecode.swift; path = "iOS Forensics.swift"; sourceTree = "<group>"; };
		C89AE6372726CF3200A930E3 /* Sotenbori.xcodeproj */ = {isa = PBXFileReference; lastKnownFileType = "wrapper.pb-project"; name = Sotenbori.xcodeproj; path = Sotenbori/Sotenbori.xcodeproj; sourceTree = SOURCE_ROOT; };
		C8BEF5F52726B17600F894A3 /* Araboshi-za */ = {isa = PBXFileReference; explicitFileType = "compiled.mach-o.executable"; includeInIndex = 0; path = "Araboshi-za"; sourceTree = BUILT_PRODUCTS_DIR; };
		C8BEF5F82726B17600F894A3 /* main.swift */ = {isa = PBXFileReference; lastKnownFileType = sourcecode.swift; path = main.swift; sourceTree = "<group>"; };
		C8BEF6012726B1A600F894A3 /* test */ = {isa = PBXFileReference; lastKnownFileType = folder; name = test; path = ../../test; sourceTree = "<group>"; };
/* End PBXFileReference section */

/* Begin PBXFrameworksBuildPhase section */
		C8BEF5F22726B17600F894A3 /* Frameworks */ = {
			isa = PBXFrameworksBuildPhase;
			buildActionMask = 2147483647;
			files = (
			);
			runOnlyForDeploymentPostprocessing = 0;
		};
/* End PBXFrameworksBuildPhase section */

/* Begin PBXGroup section */
		C89AE6382726CF3200A930E3 /* Products */ = {
			isa = PBXGroup;
			children = (
				C89AE63D2726CF3300A930E3 /* Sotenbori.framework */,
				C89AE63F2726CF3300A930E3 /* SotenboriTests.xctest */,
			);
			name = Products;
			sourceTree = "<group>";
		};
		C8BEF5EC2726B17500F894A3 = {
			isa = PBXGroup;
			children = (
				C8BEF5F72726B17600F894A3 /* Araboshi-za */,
				C8BEF5F62726B17600F894A3 /* Products */,
			);
			sourceTree = "<group>";
		};
		C8BEF5F62726B17600F894A3 /* Products */ = {
			isa = PBXGroup;
			children = (
				C8BEF5F52726B17600F894A3 /* Araboshi-za */,
			);
			name = Products;
			sourceTree = "<group>";
		};
		C8BEF5F72726B17600F894A3 /* Araboshi-za */ = {
			isa = PBXGroup;
			children = (
				C89AE6372726CF3200A930E3 /* Sotenbori.xcodeproj */,
				C8BEF6012726B1A600F894A3 /* test */,
				C8BEF5F82726B17600F894A3 /* main.swift */,
				C877FE5F272CCE5E000CB49D /* iOS Forensics.swift */,
			);
			path = "Araboshi-za";
			sourceTree = "<group>";
		};
/* End PBXGroup section */

/* Begin PBXNativeTarget section */
		C8BEF5F42726B17600F894A3 /* Araboshi-za */ = {
			isa = PBXNativeTarget;
			buildConfigurationList = C8BEF5FC2726B17600F894A3 /* Build configuration list for PBXNativeTarget "Araboshi-za" */;
			buildPhases = (
				C8BEF5F12726B17600F894A3 /* Sources */,
				C8BEF5F22726B17600F894A3 /* Frameworks */,
				C8BEF5F32726B17600F894A3 /* CopyFiles */,
			);
			buildRules = (
			);
			dependencies = (
			);
			name = "Araboshi-za";
			productName = "Araboshi-za";
			productReference = C8BEF5F52726B17600F894A3 /* Araboshi-za */;
			productType = "com.apple.product-type.tool";
		};
/* End PBXNativeTarget section */

/* Begin PBXProject section */
		C8BEF5ED2726B17600F894A3 /* Project object */ = {
			isa = PBXProject;
			attributes = {
				LastSwiftUpdateCheck = 1240;
				LastUpgradeCheck = 1240;
				TargetAttributes = {
					C8BEF5F42726B17600F894A3 = {
						CreatedOnToolsVersion = 12.4;
					};
				};
			};
			buildConfigurationList = C8BEF5F02726B17600F894A3 /* Build configuration list for PBXProject "Araboshi-za" */;
			compatibilityVersion = "Xcode 3.1";
			developmentRegion = en;
			hasScannedForEncodings = 0;
			knownRegions = (
				en,
				Base,
			);
			mainGroup = C8BEF5EC2726B17500F894A3;
			productRefGroup = C8BEF5F62726B17600F894A3 /* Products */;
			projectDirPath = "";
			projectReferences = (
				{
					ProductGroup = C89AE6382726CF3200A930E3 /* Products */;
					ProjectRef = C89AE6372726CF3200A930E3 /* Sotenbori.xcodeproj */;
				},
			);
			projectRoot = "";
			targets = (
				C8BEF5F42726B17600F894A3 /* Araboshi-za */,
			);
		};
/* End PBXProject section */

/* Begin PBXReferenceProxy section */
		C89AE63D2726CF3300A930E3 /* Sotenbori.framework */ = {
			isa = PBXReferenceProxy;
			fileType = wrapper.framework;
			path = Sotenbori.framework;
			remoteRef = C89AE63C2726CF3300A930E3 /* PBXContainerItemProxy */;
			sourceTree = BUILT_PRODUCTS_DIR;
		};
		C89AE63F2726CF3300A930E3 /* SotenboriTests.xctest */ = {
			isa = PBXReferenceProxy;
			fileType = wrapper.cfbundle;
			path = SotenboriTests.xctest;
			remoteRef = C89AE63E2726CF3300A930E3 /* PBXContainerItemProxy */;
			sourceTree = BUILT_PRODUCTS_DIR;
		};
/* End PBXReferenceProxy section */

/* Begin PBXSourcesBuildPhase section */
		C8BEF5F12726B17600F894A3 /* Sources */ = {
			isa = PBXSourcesBuildPhase;
			buildActionMask = 2147483647;
			files = (
				C8BEF5F92726B17600F894A3 /* main.swift in Sources */,
				C877FE60272CCE5E000CB49D /* iOS Forensics.swift in Sources */,
			);
			runOnlyForDeploymentPostprocessing = 0;
		};
/* End PBXSourcesBuildPhase section */

/* Begin XCBuildConfiguration section */
		C8BEF5FA2726B17600F894A3 /* Debug */ = {
			isa = XCBuildConfiguration;
			buildSettings = {
				ALWAYS_SEARCH_USER_PATHS = NO;
				CLANG_ANALYZER_NONNULL = YES;
				CLANG_ANALYZER_NUMBER_OBJECT_CONVERSION = YES_AGGRESSIVE;
				CLANG_CXX_LANGUAGE_STANDARD = "gnu++14";
				CLANG_CXX_LIBRARY = "libc++";
				CLANG_ENABLE_MODULES = YES;
				CLANG_ENABLE_OBJC_ARC = YES;
				CLANG_ENABLE_OBJC_WEAK = YES;
				CLANG_WARN_BLOCK_CAPTURE_AUTORELEASING = YES;
				CLANG_WARN_BOOL_CONVERSION = YES;
				CLANG_WARN_COMMA = YES;
				CLANG_WARN_CONSTANT_CONVERSION = YES;
				CLANG_WARN_DEPRECATED_OBJC_IMPLEMENTATIONS = YES;
				CLANG_WARN_DIRECT_OBJC_ISA_USAGE = YES_ERROR;
				CLANG_WARN_DOCUMENTATION_COMMENTS = YES;
				CLANG_WARN_EMPTY_BODY = YES;
				CLANG_WARN_ENUM_CONVERSION = YES;
				CLANG_WARN_INFINITE_RECURSION = YES;
				CLANG_WARN_INT_CONVERSION = YES;
				CLANG_WARN_NON_LITERAL_NULL_CONVERSION = YES;
				CLANG_WARN_OBJC_IMPLICIT_RETAIN_SELF = YES;
				CLANG_WARN_OBJC_LITERAL_CONVERSION = YES;
				CLANG_WARN_OBJC_ROOT_CLASS = YES_ERROR;
				CLANG_WARN_QUOTED_INCLUDE_IN_FRAMEWORK_HEADER = YES;
				CLANG_WARN_RANGE_LOOP_ANALYSIS = YES;
				CLANG_WARN_STRICT_PROTOTYPES = YES;
				CLANG_WARN_SUSPICIOUS_MOVE = YES;
				CLANG_WARN_UNGUARDED_AVAILABILITY = YES_AGGRESSIVE;
				CLANG_WARN_UNREACHABLE_CODE = YES;
				CLANG_WARN__DUPLICATE_METHOD_MATCH = YES;
				COPY_PHASE_STRIP = NO;
				DEBUG_INFORMATION_FORMAT = dwarf;
				ENABLE_STRICT_OBJC_MSGSEND = YES;
				ENABLE_TESTABILITY = YES;
				GCC_C_LANGUAGE_STANDARD = gnu11;
				GCC_DYNAMIC_NO_PIC = NO;
				GCC_NO_COMMON_BLOCKS = YES;
				GCC_OPTIMIZATION_LEVEL = 0;
				GCC_PREPROCESSOR_DEFINITIONS = (
					"DEBUG=1",
					"$(inherited)",
				);
				GCC_WARN_64_TO_32_BIT_CONVERSION = YES;
				GCC_WARN_ABOUT_RETURN_TYPE = YES_ERROR;
				GCC_WARN_UNDECLARED_SELECTOR = YES;
				GCC_WARN_UNINITIALIZED_AUTOS = YES_AGGRESSIVE;
				GCC_WARN_UNUSED_FUNCTION = YES;
				GCC_WARN_UNUSED_VARIABLE = YES;
				MACOSX_DEPLOYMENT_TARGET = 10.15;
				MTL_ENABLE_DEBUG_INFO = INCLUDE_SOURCE;
				MTL_FAST_MATH = YES;
				ONLY_ACTIVE_ARCH = YES;
				SDKROOT = macosx;
				SWIFT_ACTIVE_COMPILATION_CONDITIONS = DEBUG;
				SWIFT_OPTIMIZATION_LEVEL = "-Onone";
			};
			name = Debug;
		};
		C8BEF5FB2726B17600F894A3 /* Release */ = {
			isa = XCBuildConfiguration;
			buildSettings = {
				ALWAYS_SEARCH_USER_PATHS = NO;
				CLANG_ANALYZER_NONNULL = YES;
				CLANG_ANALYZER_NUMBER_OBJECT_CONVERSION = YES_AGGRESSIVE;
				CLANG_CXX_LANGUAGE_STANDARD = "gnu++14";
				CLANG_CXX_LIBRARY = "libc++";
				CLANG_ENABLE_MODULES = YES;
				CLANG_ENABLE_OBJC_ARC = YES;
				CLANG_ENABLE_OBJC_WEAK = YES;
				CLANG_WARN_BLOCK_CAPTURE_AUTORELEASING = YES;
				CLANG_WARN_BOOL_CONVERSION = YES;
				CLANG_WARN_COMMA = YES;
				CLANG_WARN_CONSTANT_CONVERSION = YES;
				CLANG_WARN_DEPRECATED_OBJC_IMPLEMENTATIONS = YES;
				CLANG_WARN_DIRECT_OBJC_ISA_USAGE = YES_ERROR;
				CLANG_WARN_DOCUMENTATION_COMMENTS = YES;
				CLANG_WARN_EMPTY_BODY = YES;
				CLANG_WARN_ENUM_CONVERSION = YES;
				CLANG_WARN_INFINITE_RECURSION = YES;
				CLANG_WARN_INT_CONVERSION = YES;
				CLANG_WARN_NON_LITERAL_NULL_CONVERSION = YES;
				CLANG_WARN_OBJC_IMPLICIT_RETAIN_SELF = YES;
				CLANG_WARN_OBJC_LITERAL_CONVERSION = YES;
				CLANG_WARN_OBJC_ROOT_CLASS = YES_ERROR;
				CLANG_WARN_QUOTED_INCLUDE_IN_FRAMEWORK_HEADER = YES;
				CLANG_WARN_RANGE_LOOP_ANALYSIS = YES;
				CLANG_WARN_STRICT_PROTOTYPES = YES;
				CLANG_WARN_SUSPICIOUS_MOVE = YES;
				CLANG_WARN_UNGUARDED_AVAILABILITY = YES_AGGRESSIVE;
				CLANG_WARN_UNREACHABLE_CODE = YES;
				CLANG_WARN__DUPLICATE_METHOD_MATCH = YES;
				COPY_PHASE_STRIP = NO;
				DEBUG_INFORMATION_FORMAT = "dwarf-with-dsym";
				ENABLE_NS_ASSERTIONS = NO;
				ENABLE_STRICT_OBJC_MSGSEND = YES;
				GCC_C_LANGUAGE_STANDARD = gnu11;
				GCC_NO_COMMON_BLOCKS = YES;
				GCC_WARN_64_TO_32_BIT_CONVERSION = YES;
				GCC_WARN_ABOUT_RETURN_TYPE = YES_ERROR;
				GCC_WARN_UNDECLARED_SELECTOR = YES;
				GCC_WARN_UNINITIALIZED_AUTOS = YES_AGGRESSIVE;
				GCC_WARN_UNUSED_FUNCTION = YES;
				GCC_WARN_UNUSED_VARIABLE = YES;
				MACOSX_DEPLOYMENT_TARGET = 10.15;
				MTL_ENABLE_DEBUG_INFO = NO;
				MTL_FAST_MATH = YES;
				SDKROOT = macosx;
				SWIFT_OPTIMIZATION_LEVEL = "-Owholemodule";
			};
			name = Release;
		};
		C8BEF5FD2726B17600F894A3 /* Debug */ = {
			isa = XCBuildConfiguration;
			buildSettings = {
				CODE_SIGN_STYLE = Automatic;
				MACOSX_DEPLOYMENT_TARGET = 10.9;
				PRODUCT_NAME = "$(TARGET_NAME)";
				SWIFT_VERSION = 5.0;
			};
			name = Debug;
		};
		C8BEF5FE2726B17600F894A3 /* Release */ = {
			isa = XCBuildConfiguration;
			buildSettings = {
				CODE_SIGN_STYLE = Automatic;
				MACOSX_DEPLOYMENT_TARGET = 10.9;
				PRODUCT_NAME = "$(TARGET_NAME)";
				SWIFT_VERSION = 5.0;
			};
			name = Release;
		};
/* End XCBuildConfiguration section */

/* Begin XCConfigurationList section */
		C8BEF5F02726B17600F894A3 /* Build configuration list for PBXProject "Araboshi-za" */ = {
			isa = XCConfigurationList;
			buildConfigurations = (
				C8BEF5FA2726B17600F894A3 /* Debug */,
				C8BEF5FB2726B17600F894A3 /* Release */,
			);
			defaultConfigurationIsVisible = 0;
			defaultConfigurationName = Release;
		};
		C8BEF5FC2726B17600F894A3 /* Build configuration list for PBXNativeTarget "Araboshi-za" */ = {
			isa = XCConfigurationList;
			buildConfigurations = (
				C8BEF5FD2726B17600F894A3 /* Debug */,
				C8BEF5FE2726B17600F894A3 /* Release */,
			);
			defaultConfigurationIsVisible = 0;
			defaultConfigurationName = Release;
		};
/* End XCConfigurationList section */
	};
	rootObject = C8BEF5ED2726B17600F894A3 /* Project object */;
}
